// !$*UTF8*$!
{
	archiveVersion = 1;
	classes = {
	};
	objectVersion = 46;
	objects = {

/* Begin PBXBuildFile section */
		BA9C9D0817EF329900516D2D /* SecondViewController.m in Sources */ = {isa = PBXBuildFile; fileRef = BA9C9D0617EF329900516D2D /* SecondViewController.m */; };
		BA9C9D0917EF329900516D2D /* SecondViewController.xib in Resources */ = {isa = PBXBuildFile; fileRef = BA9C9D0717EF329900516D2D /* SecondViewController.xib */; };
		BAE3EF3017EE48C0007C8C76 /* UIKit.framework in Frameworks */ = {isa = PBXBuildFile; fileRef = BAE3EF2F17EE48C0007C8C76 /* UIKit.framework */; };
		BAE3EF3217EE48C0007C8C76 /* Foundation.framework in Frameworks */ = {isa = PBXBuildFile; fileRef = BAE3EF3117EE48C0007C8C76 /* Foundation.framework */; };
		BAE3EF3417EE48C0007C8C76 /* CoreGraphics.framework in Frameworks */ = {isa = PBXBuildFile; fileRef = BAE3EF3317EE48C0007C8C76 /* CoreGraphics.framework */; };
		BAE3EF3A17EE48C0007C8C76 /* InfoPlist.strings in Resources */ = {isa = PBXBuildFile; fileRef = BAE3EF3817EE48C0007C8C76 /* InfoPlist.strings */; };
		BAE3EF3C17EE48C0007C8C76 /* main.m in Sources */ = {isa = PBXBuildFile; fileRef = BAE3EF3B17EE48C0007C8C76 /* main.m */; };
		BAE3EF4017EE48C0007C8C76 /* AOC2AppDelegate.m in Sources */ = {isa = PBXBuildFile; fileRef = BAE3EF3F17EE48C0007C8C76 /* AOC2AppDelegate.m */; };
		BAE3EF4217EE48C0007C8C76 /* Default.png in Resources */ = {isa = PBXBuildFile; fileRef = BAE3EF4117EE48C0007C8C76 /* Default.png */; };
		BAE3EF4417EE48C0007C8C76 /* Default@2x.png in Resources */ = {isa = PBXBuildFile; fileRef = BAE3EF4317EE48C0007C8C76 /* Default@2x.png */; };
		BAE3EF4617EE48C0007C8C76 /* Default-568h@2x.png in Resources */ = {isa = PBXBuildFile; fileRef = BAE3EF4517EE48C0007C8C76 /* Default-568h@2x.png */; };
		BAE3EF4917EE48C0007C8C76 /* AOC2ViewController.m in Sources */ = {isa = PBXBuildFile; fileRef = BAE3EF4817EE48C0007C8C76 /* AOC2ViewController.m */; };
		BAE3EF4C17EE48C0007C8C76 /* AOC2ViewController_iPhone.xib in Resources */ = {isa = PBXBuildFile; fileRef = BAE3EF4A17EE48C0007C8C76 /* AOC2ViewController_iPhone.xib */; };
		BAE3EF4F17EE48C0007C8C76 /* AOC2ViewController_iPad.xib in Resources */ = {isa = PBXBuildFile; fileRef = BAE3EF4D17EE48C0007C8C76 /* AOC2ViewController_iPad.xib */; };
		BAE3EF5717EE48C0007C8C76 /* SenTestingKit.framework in Frameworks */ = {isa = PBXBuildFile; fileRef = BAE3EF5617EE48C0007C8C76 /* SenTestingKit.framework */; };
		BAE3EF5817EE48C0007C8C76 /* UIKit.framework in Frameworks */ = {isa = PBXBuildFile; fileRef = BAE3EF2F17EE48C0007C8C76 /* UIKit.framework */; };
		BAE3EF5917EE48C0007C8C76 /* Foundation.framework in Frameworks */ = {isa = PBXBuildFile; fileRef = BAE3EF3117EE48C0007C8C76 /* Foundation.framework */; };
		BAE3EF6117EE48C0007C8C76 /* InfoPlist.strings in Resources */ = {isa = PBXBuildFile; fileRef = BAE3EF5F17EE48C0007C8C76 /* InfoPlist.strings */; };
		BAE3EF6417EE48C0007C8C76 /* AOC2Project3Tests.m in Sources */ = {isa = PBXBuildFile; fileRef = BAE3EF6317EE48C0007C8C76 /* AOC2Project3Tests.m */; };
/* End PBXBuildFile section */

/* Begin PBXContainerItemProxy section */
		BAE3EF5A17EE48C0007C8C76 /* PBXContainerItemProxy */ = {
			isa = PBXContainerItemProxy;
			containerPortal = BAE3EF2417EE48C0007C8C76 /* Project object */;
			proxyType = 1;
			remoteGlobalIDString = BAE3EF2B17EE48C0007C8C76;
			remoteInfo = AOC2Project3;
		};
/* End PBXContainerItemProxy section */

/* Begin PBXFileReference section */
		BA9C9D0517EF329900516D2D /* SecondViewController.h */ = {isa = PBXFileReference; fileEncoding = 4; lastKnownFileType = sourcecode.c.h; path = SecondViewController.h; sourceTree = "<group>"; };
		BA9C9D0617EF329900516D2D /* SecondViewController.m */ = {isa = PBXFileReference; fileEncoding = 4; lastKnownFileType = sourcecode.c.objc; path = SecondViewController.m; sourceTree = "<group>"; };
		BA9C9D0717EF329900516D2D /* SecondViewController.xib */ = {isa = PBXFileReference; fileEncoding = 4; lastKnownFileType = file.xib; path = SecondViewController.xib; sourceTree = "<group>"; };
		BAE3EF2C17EE48C0007C8C76 /* AOC2Project3.app */ = {isa = PBXFileReference; explicitFileType = wrapper.application; includeInIndex = 0; path = AOC2Project3.app; sourceTree = BUILT_PRODUCTS_DIR; };
		BAE3EF2F17EE48C0007C8C76 /* UIKit.framework */ = {isa = PBXFileReference; lastKnownFileType = wrapper.framework; name = UIKit.framework; path = System/Library/Frameworks/UIKit.framework; sourceTree = SDKROOT; };
		BAE3EF3117EE48C0007C8C76 /* Foundation.framework */ = {isa = PBXFileReference; lastKnownFileType = wrapper.framework; name = Foundation.framework; path = System/Library/Frameworks/Foundation.framework; sourceTree = SDKROOT; };
		BAE3EF3317EE48C0007C8C76 /* CoreGraphics.framework */ = {isa = PBXFileReference; lastKnownFileType = wrapper.framework; name = CoreGraphics.framework; path = System/Library/Frameworks/CoreGraphics.framework; sourceTree = SDKROOT; };
		BAE3EF3717EE48C0007C8C76 /* AOC2Project3-Info.plist */ = {isa = PBXFileReference; lastKnownFileType = text.plist.xml; path = "AOC2Project3-Info.plist"; sourceTree = "<group>"; };
		BAE3EF3917EE48C0007C8C76 /* en */ = {isa = PBXFileReference; lastKnownFileType = text.plist.strings; name = en; path = en.lproj/InfoPlist.strings; sourceTree = "<group>"; };
		BAE3EF3B17EE48C0007C8C76 /* main.m */ = {isa = PBXFileReference; lastKnownFileType = sourcecode.c.objc; path = main.m; sourceTree = "<group>"; };
		BAE3EF3D17EE48C0007C8C76 /* AOC2Project3-Prefix.pch */ = {isa = PBXFileReference; lastKnownFileType = sourcecode.c.h; path = "AOC2Project3-Prefix.pch"; sourceTree = "<group>"; };
		BAE3EF3E17EE48C0007C8C76 /* AOC2AppDelegate.h */ = {isa = PBXFileReference; lastKnownFileType = sourcecode.c.h; path = AOC2AppDelegate.h; sourceTree = "<group>"; };
		BAE3EF3F17EE48C0007C8C76 /* AOC2AppDelegate.m */ = {isa = PBXFileReference; lastKnownFileType = sourcecode.c.objc; path = AOC2AppDelegate.m; sourceTree = "<group>"; };
		BAE3EF4117EE48C0007C8C76 /* Default.png */ = {isa = PBXFileReference; lastKnownFileType = image.png; path = Default.png; sourceTree = "<group>"; };
		BAE3EF4317EE48C0007C8C76 /* Default@2x.png */ = {isa = PBXFileReference; lastKnownFileType = image.png; path = "Default@2x.png"; sourceTree = "<group>"; };
		BAE3EF4517EE48C0007C8C76 /* Default-568h@2x.png */ = {isa = PBXFileReference; lastKnownFileType = image.png; path = "Default-568h@2x.png"; sourceTree = "<group>"; };
		BAE3EF4717EE48C0007C8C76 /* AOC2ViewController.h */ = {isa = PBXFileReference; lastKnownFileType = sourcecode.c.h; path = AOC2ViewController.h; sourceTree = "<group>"; };
		BAE3EF4817EE48C0007C8C76 /* AOC2ViewController.m */ = {isa = PBXFileReference; lastKnownFileType = sourcecode.c.objc; path = AOC2ViewController.m; sourceTree = "<group>"; };
		BAE3EF4B17EE48C0007C8C76 /* en */ = {isa = PBXFileReference; lastKnownFileType = file.xib; name = en; path = en.lproj/AOC2ViewController_iPhone.xib; sourceTree = "<group>"; };
		BAE3EF4E17EE48C0007C8C76 /* en */ = {isa = PBXFileReference; lastKnownFileType = file.xib; name = en; path = en.lproj/AOC2ViewController_iPad.xib; sourceTree = "<group>"; };
		BAE3EF5517EE48C0007C8C76 /* AOC2Project3Tests.octest */ = {isa = PBXFileReference; explicitFileType = wrapper.cfbundle; includeInIndex = 0; path = AOC2Project3Tests.octest; sourceTree = BUILT_PRODUCTS_DIR; };
		BAE3EF5617EE48C0007C8C76 /* SenTestingKit.framework */ = {isa = PBXFileReference; lastKnownFileType = wrapper.framework; name = SenTestingKit.framework; path = Library/Frameworks/SenTestingKit.framework; sourceTree = DEVELOPER_DIR; };
		BAE3EF5E17EE48C0007C8C76 /* AOC2Project3Tests-Info.plist */ = {isa = PBXFileReference; lastKnownFileType = text.plist.xml; path = "AOC2Project3Tests-Info.plist"; sourceTree = "<group>"; };
		BAE3EF6017EE48C0007C8C76 /* en */ = {isa = PBXFileReference; lastKnownFileType = text.plist.strings; name = en; path = en.lproj/InfoPlist.strings; sourceTree = "<group>"; };
		BAE3EF6217EE48C0007C8C76 /* AOC2Project3Tests.h */ = {isa = PBXFileReference; lastKnownFileType = sourcecode.c.h; path = AOC2Project3Tests.h; sourceTree = "<group>"; };
		BAE3EF6317EE48C0007C8C76 /* AOC2Project3Tests.m */ = {isa = PBXFileReference; lastKnownFileType = sourcecode.c.objc; path = AOC2Project3Tests.m; sourceTree = "<group>"; };
/* End PBXFileReference section */

/* Begin PBXFrameworksBuildPhase section */
		BAE3EF2917EE48C0007C8C76 /* Frameworks */ = {
			isa = PBXFrameworksBuildPhase;
			buildActionMask = 2147483647;
			files = (
				BAE3EF3017EE48C0007C8C76 /* UIKit.framework in Frameworks */,
				BAE3EF3217EE48C0007C8C76 /* Foundation.framework in Frameworks */,
				BAE3EF3417EE48C0007C8C76 /* CoreGraphics.framework in Frameworks */,
			);
			runOnlyForDeploymentPostprocessing = 0;
		};
		BAE3EF5117EE48C0007C8C76 /* Frameworks */ = {
			isa = PBXFrameworksBuildPhase;
			buildActionMask = 2147483647;
			files = (
				BAE3EF5717EE48C0007C8C76 /* SenTestingKit.framework in Frameworks */,
				BAE3EF5817EE48C0007C8C76 /* UIKit.framework in Frameworks */,
				BAE3EF5917EE48C0007C8C76 /* Foundation.framework in Frameworks */,
			);
			runOnlyForDeploymentPostprocessing = 0;
		};
/* End PBXFrameworksBuildPhase section */

/* Begin PBXGroup section */
		BAE3EF2317EE48C0007C8C76 = {
			isa = PBXGroup;
			children = (
				BAE3EF3517EE48C0007C8C76 /* AOC2Project3 */,
				BAE3EF5C17EE48C0007C8C76 /* AOC2Project3Tests */,
				BAE3EF2E17EE48C0007C8C76 /* Frameworks */,
				BAE3EF2D17EE48C0007C8C76 /* Products */,
			);
			sourceTree = "<group>";
		};
		BAE3EF2D17EE48C0007C8C76 /* Products */ = {
			isa = PBXGroup;
			children = (
				BAE3EF2C17EE48C0007C8C76 /* AOC2Project3.app */,
				BAE3EF5517EE48C0007C8C76 /* AOC2Project3Tests.octest */,
			);
			name = Products;
			sourceTree = "<group>";
		};
		BAE3EF2E17EE48C0007C8C76 /* Frameworks */ = {
			isa = PBXGroup;
			children = (
				BAE3EF2F17EE48C0007C8C76 /* UIKit.framework */,
				BAE3EF3117EE48C0007C8C76 /* Foundation.framework */,
				BAE3EF3317EE48C0007C8C76 /* CoreGraphics.framework */,
				BAE3EF5617EE48C0007C8C76 /* SenTestingKit.framework */,
			);
			name = Frameworks;
			sourceTree = "<group>";
		};
		BAE3EF3517EE48C0007C8C76 /* AOC2Project3 */ = {
			isa = PBXGroup;
			children = (
				BAE3EF3E17EE48C0007C8C76 /* AOC2AppDelegate.h */,
				BAE3EF3F17EE48C0007C8C76 /* AOC2AppDelegate.m */,
				BAE3EF4717EE48C0007C8C76 /* AOC2ViewController.h */,
				BAE3EF4817EE48C0007C8C76 /* AOC2ViewController.m */,
				BAE3EF4A17EE48C0007C8C76 /* AOC2ViewController_iPhone.xib */,
				BAE3EF4D17EE48C0007C8C76 /* AOC2ViewController_iPad.xib */,
				BAE3EF3617EE48C0007C8C76 /* Supporting Files */,
				BA9C9D0517EF329900516D2D /* SecondViewController.h */,
				BA9C9D0617EF329900516D2D /* SecondViewController.m */,
				BA9C9D0717EF329900516D2D /* SecondViewController.xib */,
			);
			path = AOC2Project3;
			sourceTree = "<group>";
		};
		BAE3EF3617EE48C0007C8C76 /* Supporting Files */ = {
			isa = PBXGroup;
			children = (
				BAE3EF3717EE48C0007C8C76 /* AOC2Project3-Info.plist */,
				BAE3EF3817EE48C0007C8C76 /* InfoPlist.strings */,
				BAE3EF3B17EE48C0007C8C76 /* main.m */,
				BAE3EF3D17EE48C0007C8C76 /* AOC2Project3-Prefix.pch */,
				BAE3EF4117EE48C0007C8C76 /* Default.png */,
				BAE3EF4317EE48C0007C8C76 /* Default@2x.png */,
				BAE3EF4517EE48C0007C8C76 /* Default-568h@2x.png */,
			);
			name = "Supporting Files";
			sourceTree = "<group>";
		};
		BAE3EF5C17EE48C0007C8C76 /* AOC2Project3Tests */ = {
			isa = PBXGroup;
			children = (
				BAE3EF6217EE48C0007C8C76 /* AOC2Project3Tests.h */,
				BAE3EF6317EE48C0007C8C76 /* AOC2Project3Tests.m */,
				BAE3EF5D17EE48C0007C8C76 /* Supporting Files */,
			);
			path = AOC2Project3Tests;
			sourceTree = "<group>";
		};
		BAE3EF5D17EE48C0007C8C76 /* Supporting Files */ = {
			isa = PBXGroup;
			children = (
				BAE3EF5E17EE48C0007C8C76 /* AOC2Project3Tests-Info.plist */,
				BAE3EF5F17EE48C0007C8C76 /* InfoPlist.strings */,
			);
			name = "Supporting Files";
			sourceTree = "<group>";
		};
/* End PBXGroup section */

/* Begin PBXNativeTarget section */
		BAE3EF2B17EE48C0007C8C76 /* AOC2Project3 */ = {
			isa = PBXNativeTarget;
			buildConfigurationList = BAE3EF6717EE48C0007C8C76 /* Build configuration list for PBXNativeTarget "AOC2Project3" */;
			buildPhases = (
				BAE3EF2817EE48C0007C8C76 /* Sources */,
				BAE3EF2917EE48C0007C8C76 /* Frameworks */,
				BAE3EF2A17EE48C0007C8C76 /* Resources */,
			);
			buildRules = (
			);
			dependencies = (
			);
			name = AOC2Project3;
			productName = AOC2Project3;
			productReference = BAE3EF2C17EE48C0007C8C76 /* AOC2Project3.app */;
			productType = "com.apple.product-type.application";
		};
		BAE3EF5417EE48C0007C8C76 /* AOC2Project3Tests */ = {
			isa = PBXNativeTarget;
			buildConfigurationList = BAE3EF6A17EE48C0007C8C76 /* Build configuration list for PBXNativeTarget "AOC2Project3Tests" */;
			buildPhases = (
				BAE3EF5017EE48C0007C8C76 /* Sources */,
				BAE3EF5117EE48C0007C8C76 /* Frameworks */,
				BAE3EF5217EE48C0007C8C76 /* Resources */,
				BAE3EF5317EE48C0007C8C76 /* ShellScript */,
			);
			buildRules = (
			);
			dependencies = (
				BAE3EF5B17EE48C0007C8C76 /* PBXTargetDependency */,
			);
			name = AOC2Project3Tests;
			productName = AOC2Project3Tests;
			productReference = BAE3EF5517EE48C0007C8C76 /* AOC2Project3Tests.octest */;
			productType = "com.apple.product-type.bundle";
		};
/* End PBXNativeTarget section */

/* Begin PBXProject section */
		BAE3EF2417EE48C0007C8C76 /* Project object */ = {
			isa = PBXProject;
			attributes = {
				CLASSPREFIX = AOC2;
				LastUpgradeCheck = 0460;
				ORGANIZATIONNAME = "Brenna Pavlinchak";
			};
			buildConfigurationList = BAE3EF2717EE48C0007C8C76 /* Build configuration list for PBXProject "AOC2Project3" */;
			compatibilityVersion = "Xcode 3.2";
			developmentRegion = English;
			hasScannedForEncodings = 0;
			knownRegions = (
				en,
			);
			mainGroup = BAE3EF2317EE48C0007C8C76;
			productRefGroup = BAE3EF2D17EE48C0007C8C76 /* Products */;
			projectDirPath = "";
			projectRoot = "";
			targets = (
				BAE3EF2B17EE48C0007C8C76 /* AOC2Project3 */,
				BAE3EF5417EE48C0007C8C76 /* AOC2Project3Tests */,
			);
		};
/* End PBXProject section */

/* Begin PBXResourcesBuildPhase section */
		BAE3EF2A17EE48C0007C8C76 /* Resources */ = {
			isa = PBXResourcesBuildPhase;
			buildActionMask = 2147483647;
			files = (
				BAE3EF3A17EE48C0007C8C76 /* InfoPlist.strings in Resources */,
				BAE3EF4217EE48C0007C8C76 /* Default.png in Resources */,
				BAE3EF4417EE48C0007C8C76 /* Default@2x.png in Resources */,
				BAE3EF4617EE48C0007C8C76 /* Default-568h@2x.png in Resources */,
				BAE3EF4C17EE48C0007C8C76 /* AOC2ViewController_iPhone.xib in Resources */,
				BAE3EF4F17EE48C0007C8C76 /* AOC2ViewController_iPad.xib in Resources */,
				BA9C9D0917EF329900516D2D /* SecondViewController.xib in Resources */,
			);
			runOnlyForDeploymentPostprocessing = 0;
		};
		BAE3EF5217EE48C0007C8C76 /* Resources */ = {
			isa = PBXResourcesBuildPhase;
			buildActionMask = 2147483647;
			files = (
				BAE3EF6117EE48C0007C8C76 /* InfoPlist.strings in Resources */,
			);
			runOnlyForDeploymentPostprocessing = 0;
		};
/* End PBXResourcesBuildPhase section */

/* Begin PBXShellScriptBuildPhase section */
		BAE3EF5317EE48C0007C8C76 /* ShellScript */ = {
			isa = PBXShellScriptBuildPhase;
			buildActionMask = 2147483647;
			files = (
			);
			inputPaths = (
			);
			outputPaths = (
			);
			runOnlyForDeploymentPostprocessing = 0;
			shellPath = /bin/sh;
			shellScript = "# Run the unit tests in this test bundle.\n\"${SYSTEM_DEVELOPER_DIR}/Tools/RunUnitTests\"\n";
		};
/* End PBXShellScriptBuildPhase section */

/* Begin PBXSourcesBuildPhase section */
		BAE3EF2817EE48C0007C8C76 /* Sources */ = {
			isa = PBXSourcesBuildPhase;
			buildActionMask = 2147483647;
			files = (
				BAE3EF3C17EE48C0007C8C76 /* main.m in Sources */,
				BAE3EF4017EE48C0007C8C76 /* AOC2AppDelegate.m in Sources */,
				BAE3EF4917EE48C0007C8C76 /* AOC2ViewController.m in Sources */,
				BA9C9D0817EF329900516D2D /* SecondViewController.m in Sources */,
			);
			runOnlyForDeploymentPostprocessing = 0;
		};
		BAE3EF5017EE48C0007C8C76 /* Sources */ = {
			isa = PBXSourcesBuildPhase;
			buildActionMask = 2147483647;
			files = (
				BAE3EF6417EE48C0007C8C76 /* AOC2Project3Tests.m in Sources */,
			);
			runOnlyForDeploymentPostprocessing = 0;
		};
/* End PBXSourcesBuildPhase section */

/* Begin PBXTargetDependency section */
		BAE3EF5B17EE48C0007C8C76 /* PBXTargetDependency */ = {
			isa = PBXTargetDependency;
			target = BAE3EF2B17EE48C0007C8C76 /* AOC2Project3 */;
			targetProxy = BAE3EF5A17EE48C0007C8C76 /* PBXContainerItemProxy */;
		};
/* End PBXTargetDependency section */

/* Begin PBXVariantGroup section */
		BAE3EF3817EE48C0007C8C76 /* InfoPlist.strings */ = {
			isa = PBXVariantGroup;
			children = (
				BAE3EF3917EE48C0007C8C76 /* en */,
			);
			name = InfoPlist.strings;
			sourceTree = "<group>";
		};
		BAE3EF4A17EE48C0007C8C76 /* AOC2ViewController_iPhone.xib */ = {
			isa = PBXVariantGroup;
			children = (
				BAE3EF4B17EE48C0007C8C76 /* en */,
			);
			name = AOC2ViewController_iPhone.xib;
			sourceTree = "<group>";
		};
		BAE3EF4D17EE48C0007C8C76 /* AOC2ViewController_iPad.xib */ = {
			isa = PBXVariantGroup;
			children = (
				BAE3EF4E17EE48C0007C8C76 /* en */,
			);
			name = AOC2ViewController_iPad.xib;
			sourceTree = "<group>";
		};
		BAE3EF5F17EE48C0007C8C76 /* InfoPlist.strings */ = {
			isa = PBXVariantGroup;
			children = (
				BAE3EF6017EE48C0007C8C76 /* en */,
			);
			name = InfoPlist.strings;
			sourceTree = "<group>";
		};
/* End PBXVariantGroup section */

/* Begin XCBuildConfiguration section */
		BAE3EF6517EE48C0007C8C76 /* Debug */ = {
			isa = XCBuildConfiguration;
			buildSettings = {
				ALWAYS_SEARCH_USER_PATHS = NO;
				CLANG_CXX_LANGUAGE_STANDARD = "gnu++0x";
				CLANG_CXX_LIBRARY = "libc++";
				CLANG_ENABLE_OBJC_ARC = YES;
				CLANG_WARN_CONSTANT_CONVERSION = YES;
				CLANG_WARN_EMPTY_BODY = YES;
				CLANG_WARN_ENUM_CONVERSION = YES;
				CLANG_WARN_INT_CONVERSION = YES;
				CLANG_WARN__DUPLICATE_METHOD_MATCH = YES;
				"CODE_SIGN_IDENTITY[sdk=iphoneos*]" = "iPhone Developer";
				COPY_PHASE_STRIP = NO;
				GCC_C_LANGUAGE_STANDARD = gnu99;
				GCC_DYNAMIC_NO_PIC = NO;
				GCC_OPTIMIZATION_LEVEL = 0;
				GCC_PREPROCESSOR_DEFINITIONS = (
					"DEBUG=1",
					"$(inherited)",
				);
				GCC_SYMBOLS_PRIVATE_EXTERN = NO;
				GCC_WARN_ABOUT_RETURN_TYPE = YES;
				GCC_WARN_UNINITIALIZED_AUTOS = YES;
				GCC_WARN_UNUSED_VARIABLE = YES;
				IPHONEOS_DEPLOYMENT_TARGET = 6.1;
				ONLY_ACTIVE_ARCH = YES;
				SDKROOT = iphoneos;
				TARGETED_DEVICE_FAMILY = "1,2";
			};
			name = Debug;
		};
		BAE3EF6617EE48C0007C8C76 /* Release */ = {
			isa = XCBuildConfiguration;
			buildSettings = {
				ALWAYS_SEARCH_USER_PATHS = NO;
				CLANG_CXX_LANGUAGE_STANDARD = "gnu++0x";
				CLANG_CXX_LIBRARY = "libc++";
				CLANG_ENABLE_OBJC_ARC = YES;
				CLANG_WARN_CONSTANT_CONVERSION = YES;
				CLANG_WARN_EMPTY_BODY = YES;
				CLANG_WARN_ENUM_CONVERSION = YES;
				CLANG_WARN_INT_CONVERSION = YES;
				CLANG_WARN__DUPLICATE_METHOD_MATCH = YES;
				"CODE_SIGN_IDENTITY[sdk=iphoneos*]" = "iPhone Developer";
				COPY_PHASE_STRIP = YES;
				GCC_C_LANGUAGE_STANDARD = gnu99;
				GCC_WARN_ABOUT_RETURN_TYPE = YES;
				GCC_WARN_UNINITIALIZED_AUTOS = YES;
				GCC_WARN_UNUSED_VARIABLE = YES;
				IPHONEOS_DEPLOYMENT_TARGET = 6.1;
				OTHER_CFLAGS = "-DNS_BLOCK_ASSERTIONS=1";
				SDKROOT = iphoneos;
				TARGETED_DEVICE_FAMILY = "1,2";
				VALIDATE_PRODUCT = YES;
			};
			name = Release;
		};
		BAE3EF6817EE48C0007C8C76 /* Debug */ = {
			isa = XCBuildConfiguration;
			buildSettings = {
				GCC_PRECOMPILE_PREFIX_HEADER = YES;
				GCC_PREFIX_HEADER = "AOC2Project3/AOC2Project3-Prefix.pch";
				INFOPLIST_FILE = "AOC2Project3/AOC2Project3-Info.plist";
				PRODUCT_NAME = "$(TARGET_NAME)";
				WRAPPER_EXTENSION = app;
			};
			name = Debug;
		};
		BAE3EF6917EE48C0007C8C76 /* Release */ = {
			isa = XCBuildConfiguration;
			buildSettings = {
				GCC_PRECOMPILE_PREFIX_HEADER = YES;
				GCC_PREFIX_HEADER = "AOC2Project3/AOC2Project3-Prefix.pch";
				INFOPLIST_FILE = "AOC2Project3/AOC2Project3-Info.plist";
				PRODUCT_NAME = "$(TARGET_NAME)";
				WRAPPER_EXTENSION = app;
			};
			name = Release;
		};
		BAE3EF6B17EE48C0007C8C76 /* Debug */ = {
			isa = XCBuildConfiguration;
			buildSettings = {
				BUNDLE_LOADER = "$(BUILT_PRODUCTS_DIR)/AOC2Project3.app/AOC2Project3";
				FRAMEWORK_SEARCH_PATHS = (
					"\"$(SDKROOT)/Developer/Library/Frameworks\"",
					"\"$(DEVELOPER_LIBRARY_DIR)/Frameworks\"",
				);
				GCC_PRECOMPILE_PREFIX_HEADER = YES;
				GCC_PREFIX_HEADER = "AOC2Project3/AOC2Project3-Prefix.pch";
				INFOPLIST_FILE = "AOC2Project3Tests/AOC2Project3Tests-Info.plist";
				PRODUCT_NAME = "$(TARGET_NAME)";
				TEST_HOST = "$(BUNDLE_LOADER)";
				WRAPPER_EXTENSION = octest;
			};
			name = Debug;
		};
		BAE3EF6C17EE48C0007C8C76 /* Release */ = {
			isa = XCBuildConfiguration;
			buildSettings = {
				BUNDLE_LOADER = "$(BUILT_PRODUCTS_DIR)/AOC2Project3.app/AOC2Project3";
				FRAMEWORK_SEARCH_PATHS = (
					"\"$(SDKROOT)/Developer/Library/Frameworks\"",
					"\"$(DEVELOPER_LIBRARY_DIR)/Frameworks\"",
				);
				GCC_PRECOMPILE_PREFIX_HEADER = YES;
				GCC_PREFIX_HEADER = "AOC2Project3/AOC2Project3-Prefix.pch";
				INFOPLIST_FILE = "AOC2Project3Tests/AOC2Project3Tests-Info.plist";
				PRODUCT_NAME = "$(TARGET_NAME)";
				TEST_HOST = "$(BUNDLE_LOADER)";
				WRAPPER_EXTENSION = octest;
			};
			name = Release;
		};
/* End XCBuildConfiguration section */

/* Begin XCConfigurationList section */
		BAE3EF2717EE48C0007C8C76 /* Build configuration list for PBXProject "AOC2Project3" */ = {
			isa = XCConfigurationList;
			buildConfigurations = (
				BAE3EF6517EE48C0007C8C76 /* Debug */,
				BAE3EF6617EE48C0007C8C76 /* Release */,
			);
			defaultConfigurationIsVisible = 0;
			defaultConfigurationName = Release;
		};
		BAE3EF6717EE48C0007C8C76 /* Build configuration list for PBXNativeTarget "AOC2Project3" */ = {
			isa = XCConfigurationList;
			buildConfigurations = (
				BAE3EF6817EE48C0007C8C76 /* Debug */,
				BAE3EF6917EE48C0007C8C76 /* Release */,
			);
			defaultConfigurationIsVisible = 0;
			defaultConfigurationName = Release;
		};
		BAE3EF6A17EE48C0007C8C76 /* Build configuration list for PBXNativeTarget "AOC2Project3Tests" */ = {
			isa = XCConfigurationList;
			buildConfigurations = (
				BAE3EF6B17EE48C0007C8C76 /* Debug */,
				BAE3EF6C17EE48C0007C8C76 /* Release */,
			);
			defaultConfigurationIsVisible = 0;
			defaultConfigurationName = Release;
		};
/* End XCConfigurationList section */
	};
	rootObject = BAE3EF2417EE48C0007C8C76 /* Project object */;
}
